table:
  name: block
  schema: public
array_relationships:
- name: accounts
  using:
    foreign_key_constraint_on:
      column: block_id
      table:
        name: account
        schema: public
- name: events
  using:
    foreign_key_constraint_on:
      column: block_id
      table:
        name: event
        schema: public
- name: extrinsics
  using:
    foreign_key_constraint_on:
      column: block_id
      table:
        name: extrinsic
        schema: public
- name: transfers
  using:
    foreign_key_constraint_on:
      column: block_id
      table:
        name: transfer
        schema: public
